
Microsoft Visual Studio Solution File, Format Version 12.00
# Visual Studio Version 17
VisualStudioVersion = 17.7.34031.279
MinimumVisualStudioVersion = 10.0.40219.1
Project("{FAE04EC0-301F-11D3-BF4B-00C04F79EFBC}") = "IntegralEngineHub", "IntegralEngineHub\IntegralEngineHub.csproj", "{0C489C92-0CF0-4363-BAF4-C26BFF7EA9E3}"
EndProject
Global
	GlobalSection(SolutionConfigurationPlatforms) = preSolution
		Debug|Any CPU = Debug|Any CPU
		Release|Any CPU = Release|Any CPU
	EndGlobalSection
	GlobalSection(ProjectConfigurationPlatforms) = postSolution
		{0C489C92-0CF0-4363-BAF4-C26BFF7EA9E3}.Debug|Any CPU.ActiveCfg = Debug|Any CPU
		{0C489C92-0CF0-4363-BAF4-C26BFF7EA9E3}.Debug|Any CPU.Build.0 = Debug|Any CPU
		{0C489C92-0CF0-4363-BAF4-C26BFF7EA9E3}.Release|Any CPU.ActiveCfg = Release|Any CPU
		{0C489C92-0CF0-4363-BAF4-C26BFF7EA9E3}.Release|Any CPU.Build.0 = Release|Any CPU
	EndGlobalSection
	GlobalSection(SolutionProperties) = preSolution
		HideSolutionNode = FALSE
	EndGlobalSection
	GlobalSection(ExtensibilityGlobals) = postSolution
		SolutionGuid = {B990B47D-93DF-4F93-A2A8-8676D435A39E}
	EndGlobalSection
EndGlobal
